{
    "name": "easm",
    "version": "1.0.0",
    "lockfileVersion": 3,
    "requires": true,
    "packages": {
        "": {
            "name": "easm",
            "version": "1.0.0",
            "license": "MIT",
            "engines": {
                "vscode": "^1.59.0"
            }
        }
    }
}
